// !$*UTF8*$!
{
	archiveVersion = 1;
	classes = {
	};
	objectVersion = 55;
	objects = {

/* Begin PBXBuildFile section */
		0406CA9F283FE7DB00AF6357 /* FoodAPI.swift in Sources */ = {isa = PBXBuildFile; fileRef = 0406CA94283FE7DB00AF6357 /* FoodAPI.swift */; };
		0406CAA0283FE7DB00AF6357 /* FoodNetworking.swift in Sources */ = {isa = PBXBuildFile; fileRef = 0406CA95283FE7DB00AF6357 /* FoodNetworking.swift */; };
		0406CAA3283FE7DB00AF6357 /* TargetType.swift in Sources */ = {isa = PBXBuildFile; fileRef = 0406CA9A283FE7DB00AF6357 /* TargetType.swift */; };
		0406CAA4283FE7DB00AF6357 /* BaseResponse.swift in Sources */ = {isa = PBXBuildFile; fileRef = 0406CA9B283FE7DB00AF6357 /* BaseResponse.swift */; };
		0406CAA5283FE7DB00AF6357 /* BaseAPI.swift in Sources */ = {isa = PBXBuildFile; fileRef = 0406CA9C283FE7DB00AF6357 /* BaseAPI.swift */; };
		0406CAA7283FE7DB00AF6357 /* URLs.swift in Sources */ = {isa = PBXBuildFile; fileRef = 0406CA9E283FE7DB00AF6357 /* URLs.swift */; };
		0406CAA92840172400AF6357 /* LaunchScreen.storyboard in Resources */ = {isa = PBXBuildFile; fileRef = 0406CAA82840172400AF6357 /* LaunchScreen.storyboard */; };
		0406CAAB2840179B00AF6357 /* AppError.swift in Sources */ = {isa = PBXBuildFile; fileRef = 0406CAAA2840179B00AF6357 /* AppError.swift */; };
		0406CAB62840179B00AF6357 /* OnboardingCollectionViewCell.swift in Sources */ = {isa = PBXBuildFile; fileRef = 0406CAB22840179B00AF6357 /* OnboardingCollectionViewCell.swift */; };
		0406CAB72840179B00AF6357 /* OnboardingViewController.xib in Resources */ = {isa = PBXBuildFile; fileRef = 0406CAB32840179B00AF6357 /* OnboardingViewController.xib */; };
		0406CAB82840179B00AF6357 /* OnboardingViewController.swift in Sources */ = {isa = PBXBuildFile; fileRef = 0406CAB42840179B00AF6357 /* OnboardingViewController.swift */; };
		0406CAB92840179B00AF6357 /* OnboardingCollectionViewCell.xib in Resources */ = {isa = PBXBuildFile; fileRef = 0406CAB52840179B00AF6357 /* OnboardingCollectionViewCell.xib */; };
		042381D028404695002EC553 /* UIViewController+Extension.swift in Sources */ = {isa = PBXBuildFile; fileRef = 042381CF28404695002EC553 /* UIViewController+Extension.swift */; };
		0431EBEE28415EFD00C2B761 /* StubGenerator.swift in Sources */ = {isa = PBXBuildFile; fileRef = 0431EBED28415EFD00C2B761 /* StubGenerator.swift */; };
		0431EBF128415FEF00C2B761 /* FoodAPIMock.swift in Sources */ = {isa = PBXBuildFile; fileRef = 0431EBF028415FEF00C2B761 /* FoodAPIMock.swift */; };
		044F6525283EF65700F2BE02 /* AppDelegate.swift in Sources */ = {isa = PBXBuildFile; fileRef = 044F6524283EF65700F2BE02 /* AppDelegate.swift */; };
		044F6527283EF65700F2BE02 /* SceneDelegate.swift in Sources */ = {isa = PBXBuildFile; fileRef = 044F6526283EF65700F2BE02 /* SceneDelegate.swift */; };
		044F652E283EF65C00F2BE02 /* Assets.xcassets in Resources */ = {isa = PBXBuildFile; fileRef = 044F652D283EF65C00F2BE02 /* Assets.xcassets */; };
		044F653C283EF7FB00F2BE02 /* String+Extension.swift in Sources */ = {isa = PBXBuildFile; fileRef = 044F6539283EF7FA00F2BE02 /* String+Extension.swift */; };
		044F653D283EF7FB00F2BE02 /* UIView+Extension.swift in Sources */ = {isa = PBXBuildFile; fileRef = 044F653A283EF7FB00F2BE02 /* UIView+Extension.swift */; };
		044F653E283EF7FB00F2BE02 /* UserDefaults+Extension.swift in Sources */ = {isa = PBXBuildFile; fileRef = 044F653B283EF7FB00F2BE02 /* UserDefaults+Extension.swift */; };
		044F6545283EF84D00F2BE02 /* HomeViewModel.swift in Sources */ = {isa = PBXBuildFile; fileRef = 044F6543283EF84D00F2BE02 /* HomeViewModel.swift */; };
		044F6546283EF84D00F2BE02 /* OnboardingViewModel.swift in Sources */ = {isa = PBXBuildFile; fileRef = 044F6544283EF84D00F2BE02 /* OnboardingViewModel.swift */; };
		044F654D283EF85C00F2BE02 /* OnboardingCoordinator.swift in Sources */ = {isa = PBXBuildFile; fileRef = 044F6548283EF85C00F2BE02 /* OnboardingCoordinator.swift */; };
		044F654E283EF85C00F2BE02 /* AppCoordinator.swift in Sources */ = {isa = PBXBuildFile; fileRef = 044F6549283EF85C00F2BE02 /* AppCoordinator.swift */; };
		044F654F283EF85C00F2BE02 /* HomeCoordinator.swift in Sources */ = {isa = PBXBuildFile; fileRef = 044F654A283EF85C00F2BE02 /* HomeCoordinator.swift */; };
		044F6550283EF85C00F2BE02 /* BaseCoordinator.swift in Sources */ = {isa = PBXBuildFile; fileRef = 044F654B283EF85C00F2BE02 /* BaseCoordinator.swift */; };
		044F6551283EF85C00F2BE02 /* Coordinator.swift in Sources */ = {isa = PBXBuildFile; fileRef = 044F654C283EF85C00F2BE02 /* Coordinator.swift */; };
		044F6577283EF8A700F2BE02 /* HomeViewController.xib in Resources */ = {isa = PBXBuildFile; fileRef = 044F655E283EF8A700F2BE02 /* HomeViewController.xib */; };
		044F6578283EF8A700F2BE02 /* HomeViewController.swift in Sources */ = {isa = PBXBuildFile; fileRef = 044F655F283EF8A700F2BE02 /* HomeViewController.swift */; };
		044F6579283EF8A700F2BE02 /* DishListTableViewCell.xib in Resources */ = {isa = PBXBuildFile; fileRef = 044F6563283EF8A700F2BE02 /* DishListTableViewCell.xib */; };
		044F657A283EF8A700F2BE02 /* DishListTableViewCell.swift in Sources */ = {isa = PBXBuildFile; fileRef = 044F6564283EF8A700F2BE02 /* DishListTableViewCell.swift */; };
		044F657B283EF8A700F2BE02 /* DishPortraitCollectionViewCell.swift in Sources */ = {isa = PBXBuildFile; fileRef = 044F6567283EF8A700F2BE02 /* DishPortraitCollectionViewCell.swift */; };
		044F657C283EF8A700F2BE02 /* DishPortraitCollectionViewCell.xib in Resources */ = {isa = PBXBuildFile; fileRef = 044F6568283EF8A700F2BE02 /* DishPortraitCollectionViewCell.xib */; };
		044F657D283EF8A700F2BE02 /* CategoryCollectionViewCell.swift in Sources */ = {isa = PBXBuildFile; fileRef = 044F656A283EF8A700F2BE02 /* CategoryCollectionViewCell.swift */; };
		044F657E283EF8A700F2BE02 /* CategoryCollectionViewCell.xib in Resources */ = {isa = PBXBuildFile; fileRef = 044F656B283EF8A700F2BE02 /* CategoryCollectionViewCell.xib */; };
		044F657F283EF8A700F2BE02 /* DishLandscapeCollectionViewCell.swift in Sources */ = {isa = PBXBuildFile; fileRef = 044F656D283EF8A700F2BE02 /* DishLandscapeCollectionViewCell.swift */; };
		044F6580283EF8A700F2BE02 /* DishLandscapeCollectionViewCell.xib in Resources */ = {isa = PBXBuildFile; fileRef = 044F656E283EF8A700F2BE02 /* DishLandscapeCollectionViewCell.xib */; };
		044F6582283EF8A700F2BE02 /* CardView.swift in Sources */ = {isa = PBXBuildFile; fileRef = 044F6571283EF8A700F2BE02 /* CardView.swift */; };
		044F658C283EF8BD00F2BE02 /* Dish.swift in Sources */ = {isa = PBXBuildFile; fileRef = 044F6587283EF8BD00F2BE02 /* Dish.swift */; };
		044F658D283EF8BD00F2BE02 /* DishCategory.swift in Sources */ = {isa = PBXBuildFile; fileRef = 044F6588283EF8BD00F2BE02 /* DishCategory.swift */; };
		044F658E283EF8BD00F2BE02 /* OnboaringSlide.swift in Sources */ = {isa = PBXBuildFile; fileRef = 044F6589283EF8BD00F2BE02 /* OnboaringSlide.swift */; };
		044F658F283EF8BE00F2BE02 /* AllDishes.swift in Sources */ = {isa = PBXBuildFile; fileRef = 044F658A283EF8BD00F2BE02 /* AllDishes.swift */; };
		044F6590283EF8BE00F2BE02 /* Order.swift in Sources */ = {isa = PBXBuildFile; fileRef = 044F658B283EF8BD00F2BE02 /* Order.swift */; };
		0450F52428422F9C00239993 /* HomeViewModelTests.swift in Sources */ = {isa = PBXBuildFile; fileRef = 0450F52328422F9C00239993 /* HomeViewModelTests.swift */; };
		0450F52C28423E4000239993 /* FoodAPITests.swift in Sources */ = {isa = PBXBuildFile; fileRef = 0450F52B28423E4000239993 /* FoodAPITests.swift */; };
		0450F52E2842411200239993 /* AllDishes.json in Resources */ = {isa = PBXBuildFile; fileRef = 0450F52D2842411200239993 /* AllDishes.json */; };
		0450F5302842419E00239993 /* Bundel+UnitTest.swift in Sources */ = {isa = PBXBuildFile; fileRef = 0450F52F2842419E00239993 /* Bundel+UnitTest.swift */; };
		0455A3AF283FBD0F00FB0EF7 /* ListDishesViewController.swift in Sources */ = {isa = PBXBuildFile; fileRef = 0455A3AD283FBD0F00FB0EF7 /* ListDishesViewController.swift */; };
		0455A3B0283FBD0F00FB0EF7 /* ListDishesViewController.xib in Resources */ = {isa = PBXBuildFile; fileRef = 0455A3AE283FBD0F00FB0EF7 /* ListDishesViewController.xib */; };
		0455A3B4283FBE1F00FB0EF7 /* DishDetailViewController.swift in Sources */ = {isa = PBXBuildFile; fileRef = 0455A3B2283FBE1F00FB0EF7 /* DishDetailViewController.swift */; };
		0455A3B5283FBE1F00FB0EF7 /* DishDetailViewController.xib in Resources */ = {isa = PBXBuildFile; fileRef = 0455A3B3283FBE1F00FB0EF7 /* DishDetailViewController.xib */; };
		0455A3B7283FBFB900FB0EF7 /* ListDishesViewModel.swift in Sources */ = {isa = PBXBuildFile; fileRef = 0455A3B6283FBFB900FB0EF7 /* ListDishesViewModel.swift */; };
		0455A3B9283FBFED00FB0EF7 /* DishDetailViewModel.swift in Sources */ = {isa = PBXBuildFile; fileRef = 0455A3B8283FBFED00FB0EF7 /* DishDetailViewModel.swift */; };
		0455A3BB283FC58800FB0EF7 /* ListDishesCoordinator.swift in Sources */ = {isa = PBXBuildFile; fileRef = 0455A3BA283FC58800FB0EF7 /* ListDishesCoordinator.swift */; };
		0455A3BD283FD08B00FB0EF7 /* DishDetailCoordinator.swift in Sources */ = {isa = PBXBuildFile; fileRef = 0455A3BC283FD08B00FB0EF7 /* DishDetailCoordinator.swift */; };
		0455A3C1283FDC7000FB0EF7 /* ListOrdersViewController.swift in Sources */ = {isa = PBXBuildFile; fileRef = 0455A3BF283FDC7000FB0EF7 /* ListOrdersViewController.swift */; };
		0455A3C2283FDC7000FB0EF7 /* ListOrdersViewController.xib in Resources */ = {isa = PBXBuildFile; fileRef = 0455A3C0283FDC7000FB0EF7 /* ListOrdersViewController.xib */; };
		0455A3C4283FDD2C00FB0EF7 /* ListOrdersViewModel.swift in Sources */ = {isa = PBXBuildFile; fileRef = 0455A3C3283FDD2C00FB0EF7 /* ListOrdersViewModel.swift */; };
		0455A3C6283FE07B00FB0EF7 /* ListOrdersCoordinator.swift in Sources */ = {isa = PBXBuildFile; fileRef = 0455A3C5283FE07B00FB0EF7 /* ListOrdersCoordinator.swift */; };
		049D073A284267E9000FC8A7 /* BaseViewModel.swift in Sources */ = {isa = PBXBuildFile; fileRef = 049D0739284267E9000FC8A7 /* BaseViewModel.swift */; };
		049D073C28427FF6000FC8A7 /* Dishes.json in Resources */ = {isa = PBXBuildFile; fileRef = 049D073B28427FF6000FC8A7 /* Dishes.json */; };
		049D073E28428378000FC8A7 /* ListDishesViewModelTest.swift in Sources */ = {isa = PBXBuildFile; fileRef = 049D073D28428378000FC8A7 /* ListDishesViewModelTest.swift */; };
		049D0741284296CA000FC8A7 /* Orders.json in Resources */ = {isa = PBXBuildFile; fileRef = 049D0740284296CA000FC8A7 /* Orders.json */; };
		04D46802284299D8006D6897 /* PlaceOrder.json in Resources */ = {isa = PBXBuildFile; fileRef = 04D46801284299D8006D6897 /* PlaceOrder.json */; };
		04D4680428429E34006D6897 /* ListOrdersViewModelTest.swift in Sources */ = {isa = PBXBuildFile; fileRef = 04D4680328429E34006D6897 /* ListOrdersViewModelTest.swift */; };
		04D4680828429FA0006D6897 /* DishDetailViewModelTest.swift in Sources */ = {isa = PBXBuildFile; fileRef = 04D4680728429FA0006D6897 /* DishDetailViewModelTest.swift */; };
		04D4680A2842AB30006D6897 /* HomeCoordinatorTest.swift in Sources */ = {isa = PBXBuildFile; fileRef = 04D468092842AB30006D6897 /* HomeCoordinatorTest.swift */; };
		04D4680C2842AF26006D6897 /* ListOrdersCoordinatorTest.swift in Sources */ = {isa = PBXBuildFile; fileRef = 04D4680B2842AF26006D6897 /* ListOrdersCoordinatorTest.swift */; };
		04D468102842B15F006D6897 /* ListDishesCoordinatorTest.swift in Sources */ = {isa = PBXBuildFile; fileRef = 04D4680F2842B15F006D6897 /* ListDishesCoordinatorTest.swift */; };
		04D468162844561A006D6897 /* Reachability.swift in Sources */ = {isa = PBXBuildFile; fileRef = 04D468152844561A006D6897 /* Reachability.swift */; };
		04D468182844561A006D6897 /* OnboardingCoordinatorTest.swift in Sources */ = {isa = PBXBuildFile; fileRef = 04D468172844561A006D6897 /* OnboardingCoordinatorTest.swift */; };
		04D4681A2844561A006D6897 /* TableView+Extension.swift in Sources */ = {isa = PBXBuildFile; fileRef = 04D468192844561A006D6897 /* TableView+Extension.swift */; };
		04D4681C2847A564006D6897 /* CollectionView+Extension.swift in Sources */ = {isa = PBXBuildFile; fileRef = 04D4681B2847A564006D6897 /* CollectionView+Extension.swift */; };
		B4D84D9F29F74A3700702451 /* Assets.generated.swift in Sources */ = {isa = PBXBuildFile; fileRef = B4D84D9C29F74A3700702451 /* Assets.generated.swift */; };
		B4D84DA029F74A3700702451 /* swiftgen.config.yml in Resources */ = {isa = PBXBuildFile; fileRef = B4D84D9D29F74A3700702451 /* swiftgen.config.yml */; };
		B4D84DA129F74A3700702451 /* template.stencil in Resources */ = {isa = PBXBuildFile; fileRef = B4D84D9E29F74A3700702451 /* template.stencil */; };
		B4D84DA629F752C400702451 /* Alamofire in Frameworks */ = {isa = PBXBuildFile; productRef = B4D84DA529F752C400702451 /* Alamofire */; };
		B4D84DA929F7532600702451 /* IQKeyboardManagerSwift in Frameworks */ = {isa = PBXBuildFile; productRef = B4D84DA829F7532600702451 /* IQKeyboardManagerSwift */; };
		B4D84DAC29F7535300702451 /* RxCocoa in Frameworks */ = {isa = PBXBuildFile; productRef = B4D84DAB29F7535300702451 /* RxCocoa */; };
		B4D84DAE29F7535300702451 /* RxRelay in Frameworks */ = {isa = PBXBuildFile; productRef = B4D84DAD29F7535300702451 /* RxRelay */; };
		B4D84DB029F7535300702451 /* RxSwift in Frameworks */ = {isa = PBXBuildFile; productRef = B4D84DAF29F7535300702451 /* RxSwift */; };
		B4D84DB329F753B200702451 /* Kingfisher in Frameworks */ = {isa = PBXBuildFile; productRef = B4D84DB229F753B200702451 /* Kingfisher */; };
/* End PBXBuildFile section */

/* Begin PBXContainerItemProxy section */
		0431EBDF2841580100C2B761 /* PBXContainerItemProxy */ = {
			isa = PBXContainerItemProxy;
			containerPortal = 044F6519283EF65700F2BE02 /* Project object */;
			proxyType = 1;
			remoteGlobalIDString = 044F6520283EF65700F2BE02;
			remoteInfo = Yummie;
		};
/* End PBXContainerItemProxy section */

/* Begin PBXFileReference section */
		0406CA94283FE7DB00AF6357 /* FoodAPI.swift */ = {isa = PBXFileReference; fileEncoding = 4; lastKnownFileType = sourcecode.swift; path = FoodAPI.swift; sourceTree = "<group>"; };
		0406CA95283FE7DB00AF6357 /* FoodNetworking.swift */ = {isa = PBXFileReference; fileEncoding = 4; lastKnownFileType = sourcecode.swift; path = FoodNetworking.swift; sourceTree = "<group>"; };
		0406CA9A283FE7DB00AF6357 /* TargetType.swift */ = {isa = PBXFileReference; fileEncoding = 4; lastKnownFileType = sourcecode.swift; path = TargetType.swift; sourceTree = "<group>"; };
		0406CA9B283FE7DB00AF6357 /* BaseResponse.swift */ = {isa = PBXFileReference; fileEncoding = 4; lastKnownFileType = sourcecode.swift; path = BaseResponse.swift; sourceTree = "<group>"; };
		0406CA9C283FE7DB00AF6357 /* BaseAPI.swift */ = {isa = PBXFileReference; fileEncoding = 4; lastKnownFileType = sourcecode.swift; path = BaseAPI.swift; sourceTree = "<group>"; };
		0406CA9E283FE7DB00AF6357 /* URLs.swift */ = {isa = PBXFileReference; fileEncoding = 4; lastKnownFileType = sourcecode.swift; path = URLs.swift; sourceTree = "<group>"; };
		0406CAA82840172400AF6357 /* LaunchScreen.storyboard */ = {isa = PBXFileReference; fileEncoding = 4; lastKnownFileType = file.storyboard; path = LaunchScreen.storyboard; sourceTree = "<group>"; };
		0406CAAA2840179B00AF6357 /* AppError.swift */ = {isa = PBXFileReference; fileEncoding = 4; lastKnownFileType = sourcecode.swift; path = AppError.swift; sourceTree = "<group>"; };
		0406CAB22840179B00AF6357 /* OnboardingCollectionViewCell.swift */ = {isa = PBXFileReference; fileEncoding = 4; lastKnownFileType = sourcecode.swift; path = OnboardingCollectionViewCell.swift; sourceTree = "<group>"; };
		0406CAB32840179B00AF6357 /* OnboardingViewController.xib */ = {isa = PBXFileReference; fileEncoding = 4; lastKnownFileType = file.xib; path = OnboardingViewController.xib; sourceTree = "<group>"; };
		0406CAB42840179B00AF6357 /* OnboardingViewController.swift */ = {isa = PBXFileReference; fileEncoding = 4; lastKnownFileType = sourcecode.swift; path = OnboardingViewController.swift; sourceTree = "<group>"; };
		0406CAB52840179B00AF6357 /* OnboardingCollectionViewCell.xib */ = {isa = PBXFileReference; fileEncoding = 4; lastKnownFileType = file.xib; path = OnboardingCollectionViewCell.xib; sourceTree = "<group>"; };
		042381CF28404695002EC553 /* UIViewController+Extension.swift */ = {isa = PBXFileReference; lastKnownFileType = sourcecode.swift; path = "UIViewController+Extension.swift"; sourceTree = "<group>"; };
		0431EBDB2841580100C2B761 /* YummieTests.xctest */ = {isa = PBXFileReference; explicitFileType = wrapper.cfbundle; includeInIndex = 0; path = YummieTests.xctest; sourceTree = BUILT_PRODUCTS_DIR; };
		0431EBED28415EFD00C2B761 /* StubGenerator.swift */ = {isa = PBXFileReference; fileEncoding = 4; lastKnownFileType = sourcecode.swift; path = StubGenerator.swift; sourceTree = "<group>"; };
		0431EBF028415FEF00C2B761 /* FoodAPIMock.swift */ = {isa = PBXFileReference; lastKnownFileType = sourcecode.swift; path = FoodAPIMock.swift; sourceTree = "<group>"; };
		044F6521283EF65700F2BE02 /* Yummie.app */ = {isa = PBXFileReference; explicitFileType = wrapper.application; includeInIndex = 0; path = Yummie.app; sourceTree = BUILT_PRODUCTS_DIR; };
		044F6524283EF65700F2BE02 /* AppDelegate.swift */ = {isa = PBXFileReference; lastKnownFileType = sourcecode.swift; path = AppDelegate.swift; sourceTree = "<group>"; };
		044F6526283EF65700F2BE02 /* SceneDelegate.swift */ = {isa = PBXFileReference; lastKnownFileType = sourcecode.swift; path = SceneDelegate.swift; sourceTree = "<group>"; };
		044F652D283EF65C00F2BE02 /* Assets.xcassets */ = {isa = PBXFileReference; lastKnownFileType = folder.assetcatalog; path = Assets.xcassets; sourceTree = "<group>"; };
		044F6532283EF65C00F2BE02 /* Info.plist */ = {isa = PBXFileReference; lastKnownFileType = text.plist.xml; path = Info.plist; sourceTree = "<group>"; };
		044F6539283EF7FA00F2BE02 /* String+Extension.swift */ = {isa = PBXFileReference; fileEncoding = 4; lastKnownFileType = sourcecode.swift; path = "String+Extension.swift"; sourceTree = "<group>"; };
		044F653A283EF7FB00F2BE02 /* UIView+Extension.swift */ = {isa = PBXFileReference; fileEncoding = 4; lastKnownFileType = sourcecode.swift; path = "UIView+Extension.swift"; sourceTree = "<group>"; };
		044F653B283EF7FB00F2BE02 /* UserDefaults+Extension.swift */ = {isa = PBXFileReference; fileEncoding = 4; lastKnownFileType = sourcecode.swift; path = "UserDefaults+Extension.swift"; sourceTree = "<group>"; };
		044F6543283EF84D00F2BE02 /* HomeViewModel.swift */ = {isa = PBXFileReference; fileEncoding = 4; lastKnownFileType = sourcecode.swift; path = HomeViewModel.swift; sourceTree = "<group>"; };
		044F6544283EF84D00F2BE02 /* OnboardingViewModel.swift */ = {isa = PBXFileReference; fileEncoding = 4; lastKnownFileType = sourcecode.swift; path = OnboardingViewModel.swift; sourceTree = "<group>"; };
		044F6548283EF85C00F2BE02 /* OnboardingCoordinator.swift */ = {isa = PBXFileReference; fileEncoding = 4; lastKnownFileType = sourcecode.swift; path = OnboardingCoordinator.swift; sourceTree = "<group>"; };
		044F6549283EF85C00F2BE02 /* AppCoordinator.swift */ = {isa = PBXFileReference; fileEncoding = 4; lastKnownFileType = sourcecode.swift; path = AppCoordinator.swift; sourceTree = "<group>"; };
		044F654A283EF85C00F2BE02 /* HomeCoordinator.swift */ = {isa = PBXFileReference; fileEncoding = 4; lastKnownFileType = sourcecode.swift; path = HomeCoordinator.swift; sourceTree = "<group>"; };
		044F654B283EF85C00F2BE02 /* BaseCoordinator.swift */ = {isa = PBXFileReference; fileEncoding = 4; lastKnownFileType = sourcecode.swift; path = BaseCoordinator.swift; sourceTree = "<group>"; };
		044F654C283EF85C00F2BE02 /* Coordinator.swift */ = {isa = PBXFileReference; fileEncoding = 4; lastKnownFileType = sourcecode.swift; path = Coordinator.swift; sourceTree = "<group>"; };
		044F655E283EF8A700F2BE02 /* HomeViewController.xib */ = {isa = PBXFileReference; fileEncoding = 4; lastKnownFileType = file.xib; path = HomeViewController.xib; sourceTree = "<group>"; };
		044F655F283EF8A700F2BE02 /* HomeViewController.swift */ = {isa = PBXFileReference; fileEncoding = 4; lastKnownFileType = sourcecode.swift; path = HomeViewController.swift; sourceTree = "<group>"; };
		044F6563283EF8A700F2BE02 /* DishListTableViewCell.xib */ = {isa = PBXFileReference; fileEncoding = 4; lastKnownFileType = file.xib; path = DishListTableViewCell.xib; sourceTree = "<group>"; };
		044F6564283EF8A700F2BE02 /* DishListTableViewCell.swift */ = {isa = PBXFileReference; fileEncoding = 4; lastKnownFileType = sourcecode.swift; path = DishListTableViewCell.swift; sourceTree = "<group>"; };
		044F6567283EF8A700F2BE02 /* DishPortraitCollectionViewCell.swift */ = {isa = PBXFileReference; fileEncoding = 4; lastKnownFileType = sourcecode.swift; path = DishPortraitCollectionViewCell.swift; sourceTree = "<group>"; };
		044F6568283EF8A700F2BE02 /* DishPortraitCollectionViewCell.xib */ = {isa = PBXFileReference; fileEncoding = 4; lastKnownFileType = file.xib; path = DishPortraitCollectionViewCell.xib; sourceTree = "<group>"; };
		044F656A283EF8A700F2BE02 /* CategoryCollectionViewCell.swift */ = {isa = PBXFileReference; fileEncoding = 4; lastKnownFileType = sourcecode.swift; path = CategoryCollectionViewCell.swift; sourceTree = "<group>"; };
		044F656B283EF8A700F2BE02 /* CategoryCollectionViewCell.xib */ = {isa = PBXFileReference; fileEncoding = 4; lastKnownFileType = file.xib; path = CategoryCollectionViewCell.xib; sourceTree = "<group>"; };
		044F656D283EF8A700F2BE02 /* DishLandscapeCollectionViewCell.swift */ = {isa = PBXFileReference; fileEncoding = 4; lastKnownFileType = sourcecode.swift; path = DishLandscapeCollectionViewCell.swift; sourceTree = "<group>"; };
		044F656E283EF8A700F2BE02 /* DishLandscapeCollectionViewCell.xib */ = {isa = PBXFileReference; fileEncoding = 4; lastKnownFileType = file.xib; path = DishLandscapeCollectionViewCell.xib; sourceTree = "<group>"; };
		044F6571283EF8A700F2BE02 /* CardView.swift */ = {isa = PBXFileReference; fileEncoding = 4; lastKnownFileType = sourcecode.swift; path = CardView.swift; sourceTree = "<group>"; };
		044F6587283EF8BD00F2BE02 /* Dish.swift */ = {isa = PBXFileReference; fileEncoding = 4; lastKnownFileType = sourcecode.swift; path = Dish.swift; sourceTree = "<group>"; };
		044F6588283EF8BD00F2BE02 /* DishCategory.swift */ = {isa = PBXFileReference; fileEncoding = 4; lastKnownFileType = sourcecode.swift; path = DishCategory.swift; sourceTree = "<group>"; };
		044F6589283EF8BD00F2BE02 /* OnboaringSlide.swift */ = {isa = PBXFileReference; fileEncoding = 4; lastKnownFileType = sourcecode.swift; path = OnboaringSlide.swift; sourceTree = "<group>"; };
		044F658A283EF8BD00F2BE02 /* AllDishes.swift */ = {isa = PBXFileReference; fileEncoding = 4; lastKnownFileType = sourcecode.swift; path = AllDishes.swift; sourceTree = "<group>"; };
		044F658B283EF8BD00F2BE02 /* Order.swift */ = {isa = PBXFileReference; fileEncoding = 4; lastKnownFileType = sourcecode.swift; path = Order.swift; sourceTree = "<group>"; };
		0450F52328422F9C00239993 /* HomeViewModelTests.swift */ = {isa = PBXFileReference; lastKnownFileType = sourcecode.swift; path = HomeViewModelTests.swift; sourceTree = "<group>"; };
		0450F52B28423E4000239993 /* FoodAPITests.swift */ = {isa = PBXFileReference; fileEncoding = 4; lastKnownFileType = sourcecode.swift; path = FoodAPITests.swift; sourceTree = "<group>"; };
		0450F52D2842411200239993 /* AllDishes.json */ = {isa = PBXFileReference; fileEncoding = 4; lastKnownFileType = text.json; path = AllDishes.json; sourceTree = "<group>"; };
		0450F52F2842419E00239993 /* Bundel+UnitTest.swift */ = {isa = PBXFileReference; lastKnownFileType = sourcecode.swift; path = "Bundel+UnitTest.swift"; sourceTree = "<group>"; };
		0455A3AD283FBD0F00FB0EF7 /* ListDishesViewController.swift */ = {isa = PBXFileReference; lastKnownFileType = sourcecode.swift; path = ListDishesViewController.swift; sourceTree = "<group>"; };
		0455A3AE283FBD0F00FB0EF7 /* ListDishesViewController.xib */ = {isa = PBXFileReference; lastKnownFileType = file.xib; path = ListDishesViewController.xib; sourceTree = "<group>"; };
		0455A3B2283FBE1F00FB0EF7 /* DishDetailViewController.swift */ = {isa = PBXFileReference; lastKnownFileType = sourcecode.swift; path = DishDetailViewController.swift; sourceTree = "<group>"; };
		0455A3B3283FBE1F00FB0EF7 /* DishDetailViewController.xib */ = {isa = PBXFileReference; lastKnownFileType = file.xib; path = DishDetailViewController.xib; sourceTree = "<group>"; };
		0455A3B6283FBFB900FB0EF7 /* ListDishesViewModel.swift */ = {isa = PBXFileReference; lastKnownFileType = sourcecode.swift; path = ListDishesViewModel.swift; sourceTree = "<group>"; };
		0455A3B8283FBFED00FB0EF7 /* DishDetailViewModel.swift */ = {isa = PBXFileReference; lastKnownFileType = sourcecode.swift; path = DishDetailViewModel.swift; sourceTree = "<group>"; };
		0455A3BA283FC58800FB0EF7 /* ListDishesCoordinator.swift */ = {isa = PBXFileReference; lastKnownFileType = sourcecode.swift; path = ListDishesCoordinator.swift; sourceTree = "<group>"; };
		0455A3BC283FD08B00FB0EF7 /* DishDetailCoordinator.swift */ = {isa = PBXFileReference; lastKnownFileType = sourcecode.swift; path = DishDetailCoordinator.swift; sourceTree = "<group>"; };
		0455A3BF283FDC7000FB0EF7 /* ListOrdersViewController.swift */ = {isa = PBXFileReference; lastKnownFileType = sourcecode.swift; path = ListOrdersViewController.swift; sourceTree = "<group>"; };
		0455A3C0283FDC7000FB0EF7 /* ListOrdersViewController.xib */ = {isa = PBXFileReference; lastKnownFileType = file.xib; path = ListOrdersViewController.xib; sourceTree = "<group>"; };
		0455A3C3283FDD2C00FB0EF7 /* ListOrdersViewModel.swift */ = {isa = PBXFileReference; lastKnownFileType = sourcecode.swift; path = ListOrdersViewModel.swift; sourceTree = "<group>"; };
		0455A3C5283FE07B00FB0EF7 /* ListOrdersCoordinator.swift */ = {isa = PBXFileReference; lastKnownFileType = sourcecode.swift; path = ListOrdersCoordinator.swift; sourceTree = "<group>"; };
		049D0739284267E9000FC8A7 /* BaseViewModel.swift */ = {isa = PBXFileReference; lastKnownFileType = sourcecode.swift; path = BaseViewModel.swift; sourceTree = "<group>"; };
		049D073B28427FF6000FC8A7 /* Dishes.json */ = {isa = PBXFileReference; fileEncoding = 4; lastKnownFileType = text.json; path = Dishes.json; sourceTree = "<group>"; };
		049D073D28428378000FC8A7 /* ListDishesViewModelTest.swift */ = {isa = PBXFileReference; lastKnownFileType = sourcecode.swift; path = ListDishesViewModelTest.swift; sourceTree = "<group>"; };
		049D0740284296CA000FC8A7 /* Orders.json */ = {isa = PBXFileReference; fileEncoding = 4; lastKnownFileType = text.json; path = Orders.json; sourceTree = "<group>"; };
		04D46801284299D8006D6897 /* PlaceOrder.json */ = {isa = PBXFileReference; fileEncoding = 4; lastKnownFileType = text.json; path = PlaceOrder.json; sourceTree = "<group>"; };
		04D4680328429E34006D6897 /* ListOrdersViewModelTest.swift */ = {isa = PBXFileReference; lastKnownFileType = sourcecode.swift; path = ListOrdersViewModelTest.swift; sourceTree = "<group>"; };
		04D4680728429FA0006D6897 /* DishDetailViewModelTest.swift */ = {isa = PBXFileReference; lastKnownFileType = sourcecode.swift; path = DishDetailViewModelTest.swift; sourceTree = "<group>"; };
		04D468092842AB30006D6897 /* HomeCoordinatorTest.swift */ = {isa = PBXFileReference; lastKnownFileType = sourcecode.swift; path = HomeCoordinatorTest.swift; sourceTree = "<group>"; };
		04D4680B2842AF26006D6897 /* ListOrdersCoordinatorTest.swift */ = {isa = PBXFileReference; lastKnownFileType = sourcecode.swift; path = ListOrdersCoordinatorTest.swift; sourceTree = "<group>"; };
		04D4680F2842B15F006D6897 /* ListDishesCoordinatorTest.swift */ = {isa = PBXFileReference; lastKnownFileType = sourcecode.swift; path = ListDishesCoordinatorTest.swift; sourceTree = "<group>"; };
		04D468152844561A006D6897 /* Reachability.swift */ = {isa = PBXFileReference; fileEncoding = 4; lastKnownFileType = sourcecode.swift; path = Reachability.swift; sourceTree = "<group>"; };
		04D468172844561A006D6897 /* OnboardingCoordinatorTest.swift */ = {isa = PBXFileReference; lastKnownFileType = sourcecode.swift; path = OnboardingCoordinatorTest.swift; sourceTree = "<group>"; };
		04D468192844561A006D6897 /* TableView+Extension.swift */ = {isa = PBXFileReference; lastKnownFileType = sourcecode.swift; path = "TableView+Extension.swift"; sourceTree = "<group>"; };
		04D4681B2847A564006D6897 /* CollectionView+Extension.swift */ = {isa = PBXFileReference; lastKnownFileType = sourcecode.swift; path = "CollectionView+Extension.swift"; sourceTree = "<group>"; };
		B4D84D9C29F74A3700702451 /* Assets.generated.swift */ = {isa = PBXFileReference; fileEncoding = 4; lastKnownFileType = sourcecode.swift; path = Assets.generated.swift; sourceTree = "<group>"; };
		B4D84D9D29F74A3700702451 /* swiftgen.config.yml */ = {isa = PBXFileReference; fileEncoding = 4; lastKnownFileType = text.yaml; path = swiftgen.config.yml; sourceTree = "<group>"; };
		B4D84D9E29F74A3700702451 /* template.stencil */ = {isa = PBXFileReference; fileEncoding = 4; lastKnownFileType = text; path = template.stencil; sourceTree = "<group>"; };
/* End PBXFileReference section */

/* Begin PBXFrameworksBuildPhase section */
		0431EBD82841580100C2B761 /* Frameworks */ = {
			isa = PBXFrameworksBuildPhase;
			buildActionMask = 2147483647;
			files = (
			);
			runOnlyForDeploymentPostprocessing = 0;
		};
		044F651E283EF65700F2BE02 /* Frameworks */ = {
			isa = PBXFrameworksBuildPhase;
			buildActionMask = 2147483647;
			files = (
				B4D84DB329F753B200702451 /* Kingfisher in Frameworks */,
				B4D84DAC29F7535300702451 /* RxCocoa in Frameworks */,
				B4D84DA629F752C400702451 /* Alamofire in Frameworks */,
				B4D84DB029F7535300702451 /* RxSwift in Frameworks */,
				B4D84DAE29F7535300702451 /* RxRelay in Frameworks */,
				B4D84DA929F7532600702451 /* IQKeyboardManagerSwift in Frameworks */,
			);
			runOnlyForDeploymentPostprocessing = 0;
		};
/* End PBXFrameworksBuildPhase section */

/* Begin PBXGroup section */
		0406CA92283FE7DB00AF6357 /* Networking */ = {
			isa = PBXGroup;
			children = (
				0406CA93283FE7DB00AF6357 /* Food */,
				0406CA99283FE7DB00AF6357 /* Base */,
			);
			path = Networking;
			sourceTree = "<group>";
		};
		0406CA93283FE7DB00AF6357 /* Food */ = {
			isa = PBXGroup;
			children = (
				0406CA94283FE7DB00AF6357 /* FoodAPI.swift */,
				0406CA95283FE7DB00AF6357 /* FoodNetworking.swift */,
			);
			path = Food;
			sourceTree = "<group>";
		};
		0406CA99283FE7DB00AF6357 /* Base */ = {
			isa = PBXGroup;
			children = (
				0406CAAA2840179B00AF6357 /* AppError.swift */,
				0406CA9E283FE7DB00AF6357 /* URLs.swift */,
				0406CA9A283FE7DB00AF6357 /* TargetType.swift */,
				0406CA9B283FE7DB00AF6357 /* BaseResponse.swift */,
				0406CA9C283FE7DB00AF6357 /* BaseAPI.swift */,
			);
			path = Base;
			sourceTree = "<group>";
		};
		040CCA8628425C28005B1F00 /* custom cell */ = {
			isa = PBXGroup;
			children = (
				0406CAB22840179B00AF6357 /* OnboardingCollectionViewCell.swift */,
				0406CAB52840179B00AF6357 /* OnboardingCollectionViewCell.xib */,
			);
			path = "custom cell";
			sourceTree = "<group>";
		};
		042381CB28403AF0002EC553 /* Resources */ = {
			isa = PBXGroup;
			children = (
				0406CAA82840172400AF6357 /* LaunchScreen.storyboard */,
				044F652D283EF65C00F2BE02 /* Assets.xcassets */,
			);
			path = Resources;
			sourceTree = "<group>";
		};
		042381CC28403B77002EC553 /* Configuration */ = {
			isa = PBXGroup;
			children = (
				044F6532283EF65C00F2BE02 /* Info.plist */,
				044F6524283EF65700F2BE02 /* AppDelegate.swift */,
				044F6526283EF65700F2BE02 /* SceneDelegate.swift */,
			);
			path = Configuration;
			sourceTree = "<group>";
		};
		0431EBDC2841580100C2B761 /* YummieTests */ = {
			isa = PBXGroup;
			children = (
				04D4680E2842AFD0006D6897 /* Coordinator */,
				04D4680D2842AFBC006D6897 /* ViewModelTest */,
				049D073F28429665000FC8A7 /* Mock */,
				0450F52B28423E4000239993 /* FoodAPITests.swift */,
			);
			path = YummieTests;
			sourceTree = "<group>";
		};
		044F6518283EF65700F2BE02 = {
			isa = PBXGroup;
			children = (
				044F6523283EF65700F2BE02 /* Yummie */,
				0431EBDC2841580100C2B761 /* YummieTests */,
				044F6522283EF65700F2BE02 /* Products */,
			);
			sourceTree = "<group>";
		};
		044F6522283EF65700F2BE02 /* Products */ = {
			isa = PBXGroup;
			children = (
				044F6521283EF65700F2BE02 /* Yummie.app */,
				0431EBDB2841580100C2B761 /* YummieTests.xctest */,
			);
			name = Products;
			sourceTree = "<group>";
		};
		044F6523283EF65700F2BE02 /* Yummie */ = {
			isa = PBXGroup;
			children = (
				B4D84D9B29F74A3700702451 /* SwiftGen */,
				04D468232850D256006D6897 /* Utilities */,
				042381CC28403B77002EC553 /* Configuration */,
				04D4681D2850CF28006D6897 /* scenes */,
				044F6542283EF82700F2BE02 /* Services */,
				042381CB28403AF0002EC553 /* Resources */,
			);
			path = Yummie;
			sourceTree = "<group>";
		};
		044F6538283EF7D700F2BE02 /* Extensions */ = {
			isa = PBXGroup;
			children = (
				04D468152844561A006D6897 /* Reachability.swift */,
				044F6539283EF7FA00F2BE02 /* String+Extension.swift */,
				044F653A283EF7FB00F2BE02 /* UIView+Extension.swift */,
				044F653B283EF7FB00F2BE02 /* UserDefaults+Extension.swift */,
				042381CF28404695002EC553 /* UIViewController+Extension.swift */,
				04D468192844561A006D6897 /* TableView+Extension.swift */,
				04D4681B2847A564006D6897 /* CollectionView+Extension.swift */,
			);
			path = Extensions;
			sourceTree = "<group>";
		};
		044F6540283EF81300F2BE02 /* ViewModels */ = {
			isa = PBXGroup;
			children = (
				049D0739284267E9000FC8A7 /* BaseViewModel.swift */,
			);
			path = ViewModels;
			sourceTree = "<group>";
		};
		044F6542283EF82700F2BE02 /* Services */ = {
			isa = PBXGroup;
			children = (
				0406CA92283FE7DB00AF6357 /* Networking */,
			);
			path = Services;
			sourceTree = "<group>";
		};
		044F6560283EF8A700F2BE02 /* CustomViews */ = {
			isa = PBXGroup;
			children = (
				044F6570283EF8A700F2BE02 /* CardView */,
			);
			path = CustomViews;
			sourceTree = "<group>";
		};
		044F6562283EF8A700F2BE02 /* DishListTableViewCell */ = {
			isa = PBXGroup;
			children = (
				044F6564283EF8A700F2BE02 /* DishListTableViewCell.swift */,
				044F6563283EF8A700F2BE02 /* DishListTableViewCell.xib */,
			);
			path = DishListTableViewCell;
			sourceTree = "<group>";
		};
		044F6565283EF8A700F2BE02 /* CollectionViewCells */ = {
			isa = PBXGroup;
			children = (
				044F6566283EF8A700F2BE02 /* DishPortraitCollectionViewCell */,
				044F6569283EF8A700F2BE02 /* CategoryCollectionViewCell */,
				044F656C283EF8A700F2BE02 /* DishLandscapeCollectionViewCell */,
			);
			path = CollectionViewCells;
			sourceTree = "<group>";
		};
		044F6566283EF8A700F2BE02 /* DishPortraitCollectionViewCell */ = {
			isa = PBXGroup;
			children = (
				044F6567283EF8A700F2BE02 /* DishPortraitCollectionViewCell.swift */,
				044F6568283EF8A700F2BE02 /* DishPortraitCollectionViewCell.xib */,
			);
			path = DishPortraitCollectionViewCell;
			sourceTree = "<group>";
		};
		044F6569283EF8A700F2BE02 /* CategoryCollectionViewCell */ = {
			isa = PBXGroup;
			children = (
				044F656A283EF8A700F2BE02 /* CategoryCollectionViewCell.swift */,
				044F656B283EF8A700F2BE02 /* CategoryCollectionViewCell.xib */,
			);
			path = CategoryCollectionViewCell;
			sourceTree = "<group>";
		};
		044F656C283EF8A700F2BE02 /* DishLandscapeCollectionViewCell */ = {
			isa = PBXGroup;
			children = (
				044F656D283EF8A700F2BE02 /* DishLandscapeCollectionViewCell.swift */,
				044F656E283EF8A700F2BE02 /* DishLandscapeCollectionViewCell.xib */,
			);
			path = DishLandscapeCollectionViewCell;
			sourceTree = "<group>";
		};
		044F6570283EF8A700F2BE02 /* CardView */ = {
			isa = PBXGroup;
			children = (
				044F6571283EF8A700F2BE02 /* CardView.swift */,
			);
			path = CardView;
			sourceTree = "<group>";
		};
		049D073F28429665000FC8A7 /* Mock */ = {
			isa = PBXGroup;
			children = (
				0450F52F2842419E00239993 /* Bundel+UnitTest.swift */,
				0431EBED28415EFD00C2B761 /* StubGenerator.swift */,
				0450F52D2842411200239993 /* AllDishes.json */,
				04D46801284299D8006D6897 /* PlaceOrder.json */,
				049D0740284296CA000FC8A7 /* Orders.json */,
				049D073B28427FF6000FC8A7 /* Dishes.json */,
				0431EBF028415FEF00C2B761 /* FoodAPIMock.swift */,
			);
			path = Mock;
			sourceTree = "<group>";
		};
		04D4680D2842AFBC006D6897 /* ViewModelTest */ = {
			isa = PBXGroup;
			children = (
				0450F52328422F9C00239993 /* HomeViewModelTests.swift */,
				049D073D28428378000FC8A7 /* ListDishesViewModelTest.swift */,
				04D4680328429E34006D6897 /* ListOrdersViewModelTest.swift */,
				04D4680728429FA0006D6897 /* DishDetailViewModelTest.swift */,
			);
			path = ViewModelTest;
			sourceTree = "<group>";
		};
		04D4680E2842AFD0006D6897 /* Coordinator */ = {
			isa = PBXGroup;
			children = (
				04D468092842AB30006D6897 /* HomeCoordinatorTest.swift */,
				04D4680B2842AF26006D6897 /* ListOrdersCoordinatorTest.swift */,
				04D4680F2842B15F006D6897 /* ListDishesCoordinatorTest.swift */,
				04D468172844561A006D6897 /* OnboardingCoordinatorTest.swift */,
			);
			path = Coordinator;
			sourceTree = "<group>";
		};
		04D4681D2850CF28006D6897 /* scenes */ = {
			isa = PBXGroup;
			children = (
				04D4681E2850CF46006D6897 /* Onboaring */,
				04D4681F2850CF5B006D6897 /* Home */,
				04D468222850CFB2006D6897 /* List Dishes */,
				04D468202850CF67006D6897 /* Orders */,
				04D468212850CF80006D6897 /* Dish Detailes */,
			);
			path = scenes;
			sourceTree = "<group>";
		};
		04D4681E2850CF46006D6897 /* Onboaring */ = {
			isa = PBXGroup;
			children = (
				040CCA8628425C28005B1F00 /* custom cell */,
				044F6548283EF85C00F2BE02 /* OnboardingCoordinator.swift */,
				0406CAB42840179B00AF6357 /* OnboardingViewController.swift */,
				0406CAB32840179B00AF6357 /* OnboardingViewController.xib */,
				044F6544283EF84D00F2BE02 /* OnboardingViewModel.swift */,
				044F6589283EF8BD00F2BE02 /* OnboaringSlide.swift */,
			);
			path = Onboaring;
			sourceTree = "<group>";
		};
		04D4681F2850CF5B006D6897 /* Home */ = {
			isa = PBXGroup;
			children = (
				044F6565283EF8A700F2BE02 /* CollectionViewCells */,
				044F654A283EF85C00F2BE02 /* HomeCoordinator.swift */,
				044F655F283EF8A700F2BE02 /* HomeViewController.swift */,
				044F655E283EF8A700F2BE02 /* HomeViewController.xib */,
				044F6543283EF84D00F2BE02 /* HomeViewModel.swift */,
				044F658A283EF8BD00F2BE02 /* AllDishes.swift */,
				044F6588283EF8BD00F2BE02 /* DishCategory.swift */,
			);
			path = Home;
			sourceTree = "<group>";
		};
		04D468202850CF67006D6897 /* Orders */ = {
			isa = PBXGroup;
			children = (
				0455A3C5283FE07B00FB0EF7 /* ListOrdersCoordinator.swift */,
				0455A3BF283FDC7000FB0EF7 /* ListOrdersViewController.swift */,
				0455A3C0283FDC7000FB0EF7 /* ListOrdersViewController.xib */,
				0455A3C3283FDD2C00FB0EF7 /* ListOrdersViewModel.swift */,
				044F658B283EF8BD00F2BE02 /* Order.swift */,
			);
			path = Orders;
			sourceTree = "<group>";
		};
		04D468212850CF80006D6897 /* Dish Detailes */ = {
			isa = PBXGroup;
			children = (
				0455A3BC283FD08B00FB0EF7 /* DishDetailCoordinator.swift */,
				0455A3B2283FBE1F00FB0EF7 /* DishDetailViewController.swift */,
				0455A3B3283FBE1F00FB0EF7 /* DishDetailViewController.xib */,
				0455A3B8283FBFED00FB0EF7 /* DishDetailViewModel.swift */,
				044F6587283EF8BD00F2BE02 /* Dish.swift */,
			);
			path = "Dish Detailes";
			sourceTree = "<group>";
		};
		04D468222850CFB2006D6897 /* List Dishes */ = {
			isa = PBXGroup;
			children = (
				044F6562283EF8A700F2BE02 /* DishListTableViewCell */,
				0455A3BA283FC58800FB0EF7 /* ListDishesCoordinator.swift */,
				0455A3AD283FBD0F00FB0EF7 /* ListDishesViewController.swift */,
				0455A3AE283FBD0F00FB0EF7 /* ListDishesViewController.xib */,
				0455A3B6283FBFB900FB0EF7 /* ListDishesViewModel.swift */,
			);
			path = "List Dishes";
			sourceTree = "<group>";
		};
		04D468232850D256006D6897 /* Utilities */ = {
			isa = PBXGroup;
			children = (
				044F6538283EF7D700F2BE02 /* Extensions */,
				04D468242850D2B1006D6897 /* Coordinator */,
				044F6540283EF81300F2BE02 /* ViewModels */,
				044F6560283EF8A700F2BE02 /* CustomViews */,
			);
			path = Utilities;
			sourceTree = "<group>";
		};
		04D468242850D2B1006D6897 /* Coordinator */ = {
			isa = PBXGroup;
			children = (
				044F654C283EF85C00F2BE02 /* Coordinator.swift */,
				044F654B283EF85C00F2BE02 /* BaseCoordinator.swift */,
				044F6549283EF85C00F2BE02 /* AppCoordinator.swift */,
			);
			path = Coordinator;
			sourceTree = "<group>";
		};
		B4D84D9B29F74A3700702451 /* SwiftGen */ = {
			isa = PBXGroup;
			children = (
				B4D84D9C29F74A3700702451 /* Assets.generated.swift */,
				B4D84D9D29F74A3700702451 /* swiftgen.config.yml */,
				B4D84D9E29F74A3700702451 /* template.stencil */,
			);
			path = SwiftGen;
			sourceTree = "<group>";
		};
/* End PBXGroup section */

/* Begin PBXNativeTarget section */
		0431EBDA2841580100C2B761 /* YummieTests */ = {
			isa = PBXNativeTarget;
			buildConfigurationList = 0431EBE32841580100C2B761 /* Build configuration list for PBXNativeTarget "YummieTests" */;
			buildPhases = (
				0431EBD72841580100C2B761 /* Sources */,
				0431EBD82841580100C2B761 /* Frameworks */,
				0431EBD92841580100C2B761 /* Resources */,
			);
			buildRules = (
			);
			dependencies = (
				0431EBE02841580100C2B761 /* PBXTargetDependency */,
			);
			name = YummieTests;
			productName = YummieTests;
			productReference = 0431EBDB2841580100C2B761 /* YummieTests.xctest */;
			productType = "com.apple.product-type.bundle.unit-test";
		};
		044F6520283EF65700F2BE02 /* Yummie */ = {
			isa = PBXNativeTarget;
			buildConfigurationList = 044F6535283EF65C00F2BE02 /* Build configuration list for PBXNativeTarget "Yummie" */;
			buildPhases = (
				B4D84DA329F74AB300702451 /* SwiftGen */,
				044F651D283EF65700F2BE02 /* Sources */,
				044F651E283EF65700F2BE02 /* Frameworks */,
				044F651F283EF65700F2BE02 /* Resources */,
				04D468112844561A006D6897 /* SwiftLint */,
				B4D84D9A29F736F900702451 /* SwiftFormat */,
			);
			buildRules = (
			);
			dependencies = (
			);
			name = Yummie;
			packageProductDependencies = (
				B4D84DA529F752C400702451 /* Alamofire */,
				B4D84DA829F7532600702451 /* IQKeyboardManagerSwift */,
				B4D84DAB29F7535300702451 /* RxCocoa */,
				B4D84DAD29F7535300702451 /* RxRelay */,
				B4D84DAF29F7535300702451 /* RxSwift */,
				B4D84DB229F753B200702451 /* Kingfisher */,
			);
			productName = Yummie;
			productReference = 044F6521283EF65700F2BE02 /* Yummie.app */;
			productType = "com.apple.product-type.application";
		};
/* End PBXNativeTarget section */

/* Begin PBXProject section */
		044F6519283EF65700F2BE02 /* Project object */ = {
			isa = PBXProject;
			attributes = {
				BuildIndependentTargetsInParallel = 1;
				LastSwiftUpdateCheck = 1320;
				LastUpgradeCheck = 1320;
				TargetAttributes = {
					0431EBDA2841580100C2B761 = {
						CreatedOnToolsVersion = 13.2.1;
						TestTargetID = 044F6520283EF65700F2BE02;
					};
					044F6520283EF65700F2BE02 = {
						CreatedOnToolsVersion = 13.2.1;
					};
				};
			};
			buildConfigurationList = 044F651C283EF65700F2BE02 /* Build configuration list for PBXProject "Yummie" */;
			compatibilityVersion = "Xcode 13.0";
			developmentRegion = en;
			hasScannedForEncodings = 0;
			knownRegions = (
				en,
				Base,
			);
			mainGroup = 044F6518283EF65700F2BE02;
			packageReferences = (
				B4D84DA429F752C400702451 /* XCRemoteSwiftPackageReference "Alamofire.git" */,
				B4D84DA729F7532600702451 /* XCRemoteSwiftPackageReference "IQKeyboardManager.git" */,
				B4D84DAA29F7535300702451 /* XCRemoteSwiftPackageReference "RxSwift.git" */,
				B4D84DB129F753B200702451 /* XCRemoteSwiftPackageReference "Kingfisher.git" */,
			);
			productRefGroup = 044F6522283EF65700F2BE02 /* Products */;
			projectDirPath = "";
			projectRoot = "";
			targets = (
				044F6520283EF65700F2BE02 /* Yummie */,
				0431EBDA2841580100C2B761 /* YummieTests */,
			);
		};
/* End PBXProject section */

/* Begin PBXResourcesBuildPhase section */
		0431EBD92841580100C2B761 /* Resources */ = {
			isa = PBXResourcesBuildPhase;
			buildActionMask = 2147483647;
			files = (
				04D46802284299D8006D6897 /* PlaceOrder.json in Resources */,
				049D0741284296CA000FC8A7 /* Orders.json in Resources */,
				0450F52E2842411200239993 /* AllDishes.json in Resources */,
				049D073C28427FF6000FC8A7 /* Dishes.json in Resources */,
			);
			runOnlyForDeploymentPostprocessing = 0;
		};
		044F651F283EF65700F2BE02 /* Resources */ = {
			isa = PBXResourcesBuildPhase;
			buildActionMask = 2147483647;
			files = (
				0406CAB92840179B00AF6357 /* OnboardingCollectionViewCell.xib in Resources */,
				0455A3B0283FBD0F00FB0EF7 /* ListDishesViewController.xib in Resources */,
				044F6579283EF8A700F2BE02 /* DishListTableViewCell.xib in Resources */,
				0455A3C2283FDC7000FB0EF7 /* ListOrdersViewController.xib in Resources */,
				B4D84DA029F74A3700702451 /* swiftgen.config.yml in Resources */,
				044F657E283EF8A700F2BE02 /* CategoryCollectionViewCell.xib in Resources */,
				044F657C283EF8A700F2BE02 /* DishPortraitCollectionViewCell.xib in Resources */,
				044F652E283EF65C00F2BE02 /* Assets.xcassets in Resources */,
				044F6580283EF8A700F2BE02 /* DishLandscapeCollectionViewCell.xib in Resources */,
				044F6577283EF8A700F2BE02 /* HomeViewController.xib in Resources */,
				B4D84DA129F74A3700702451 /* template.stencil in Resources */,
				0406CAA92840172400AF6357 /* LaunchScreen.storyboard in Resources */,
				0455A3B5283FBE1F00FB0EF7 /* DishDetailViewController.xib in Resources */,
				0406CAB72840179B00AF6357 /* OnboardingViewController.xib in Resources */,
			);
			runOnlyForDeploymentPostprocessing = 0;
		};
/* End PBXResourcesBuildPhase section */

/* Begin PBXShellScriptBuildPhase section */
		04D468112844561A006D6897 /* SwiftLint */ = {
			isa = PBXShellScriptBuildPhase;
			buildActionMask = 2147483647;
			files = (
			);
			inputFileListPaths = (
			);
			inputPaths = (
			);
			name = SwiftLint;
			outputFileListPaths = (
			);
			outputPaths = (
			);
			runOnlyForDeploymentPostprocessing = 0;
			shellPath = /bin/sh;
			shellScript = "if [[ \"$(uname -m)\" == arm64 ]]; then\n    export PATH=\"/opt/homebrew/bin:$PATH\"\nfi\n\nif which swiftlint > /dev/null; then\n  swiftlint\nelse\n  echo \"warning: SwiftLint not installed, download from https://github.com/realm/SwiftLint\"\nfi\n\n";
		};
		B4D84D9A29F736F900702451 /* SwiftFormat */ = {
			isa = PBXShellScriptBuildPhase;
			buildActionMask = 2147483647;
			files = (
			);
			inputFileListPaths = (
			);
			inputPaths = (
			);
			name = SwiftFormat;
			outputFileListPaths = (
			);
			outputPaths = (
			);
			runOnlyForDeploymentPostprocessing = 0;
			shellPath = /bin/sh;
			shellScript = "if which swiftformat >/dev/null; then\n  swiftformat --exclude Pods,ThirdParty .\n  swiftformat .\n  swiftformat --exclude Pods,ThirdParty .\n\nelse\n  echo \"warning: SwiftFormat not installed, download from https://github.com/nicklockwood/SwiftFormat\"\nfi\ntouch \"${PROJECT_DIR}/output_dependency\"\n";
		};
		B4D84DA329F74AB300702451 /* SwiftGen */ = {
			isa = PBXShellScriptBuildPhase;
			buildActionMask = 2147483647;
			files = (
			);
			inputFileListPaths = (
			);
			inputPaths = (
			);
			name = SwiftGen;
			outputFileListPaths = (
			);
			outputPaths = (
			);
			runOnlyForDeploymentPostprocessing = 0;
			shellPath = /bin/sh;
			shellScript = "# Type a script or drag a script file from your workspace to insert its path.\nexport PATH=\"$PATH:/opt/homebrew/bin\"\nif which swiftgen >& /dev/null; then\n  swiftgen config run --config Yummie/SwiftGen/swiftgen.config.yml\nelse\n  echo \"error: SwiftGen not installed, download from https://github.com/SwiftGen/SwiftGen\"\nfi\n";
		};
/* End PBXShellScriptBuildPhase section */

/* Begin PBXSourcesBuildPhase section */
		0431EBD72841580100C2B761 /* Sources */ = {
			isa = PBXSourcesBuildPhase;
			buildActionMask = 2147483647;
			files = (
				0450F52428422F9C00239993 /* HomeViewModelTests.swift in Sources */,
				0431EBF128415FEF00C2B761 /* FoodAPIMock.swift in Sources */,
				04D468182844561A006D6897 /* OnboardingCoordinatorTest.swift in Sources */,
				04D4680A2842AB30006D6897 /* HomeCoordinatorTest.swift in Sources */,
				0431EBEE28415EFD00C2B761 /* StubGenerator.swift in Sources */,
				0450F5302842419E00239993 /* Bundel+UnitTest.swift in Sources */,
				049D073E28428378000FC8A7 /* ListDishesViewModelTest.swift in Sources */,
				0450F52C28423E4000239993 /* FoodAPITests.swift in Sources */,
				04D4680C2842AF26006D6897 /* ListOrdersCoordinatorTest.swift in Sources */,
				04D4680428429E34006D6897 /* ListOrdersViewModelTest.swift in Sources */,
				04D4680828429FA0006D6897 /* DishDetailViewModelTest.swift in Sources */,
				04D468102842B15F006D6897 /* ListDishesCoordinatorTest.swift in Sources */,
			);
			runOnlyForDeploymentPostprocessing = 0;
		};
		044F651D283EF65700F2BE02 /* Sources */ = {
			isa = PBXSourcesBuildPhase;
			buildActionMask = 2147483647;
			files = (
				044F653C283EF7FB00F2BE02 /* String+Extension.swift in Sources */,
				044F657A283EF8A700F2BE02 /* DishListTableViewCell.swift in Sources */,
				044F6590283EF8BE00F2BE02 /* Order.swift in Sources */,
				0455A3C6283FE07B00FB0EF7 /* ListOrdersCoordinator.swift in Sources */,
				0406CAA0283FE7DB00AF6357 /* FoodNetworking.swift in Sources */,
				0455A3C1283FDC7000FB0EF7 /* ListOrdersViewController.swift in Sources */,
				0406CA9F283FE7DB00AF6357 /* FoodAPI.swift in Sources */,
				0455A3B4283FBE1F00FB0EF7 /* DishDetailViewController.swift in Sources */,
				0406CAB62840179B00AF6357 /* OnboardingCollectionViewCell.swift in Sources */,
				044F658F283EF8BE00F2BE02 /* AllDishes.swift in Sources */,
				0455A3BB283FC58800FB0EF7 /* ListDishesCoordinator.swift in Sources */,
				044F6578283EF8A700F2BE02 /* HomeViewController.swift in Sources */,
				0406CAAB2840179B00AF6357 /* AppError.swift in Sources */,
				044F6551283EF85C00F2BE02 /* Coordinator.swift in Sources */,
				044F654E283EF85C00F2BE02 /* AppCoordinator.swift in Sources */,
				042381D028404695002EC553 /* UIViewController+Extension.swift in Sources */,
				0455A3AF283FBD0F00FB0EF7 /* ListDishesViewController.swift in Sources */,
				0455A3BD283FD08B00FB0EF7 /* DishDetailCoordinator.swift in Sources */,
				044F6545283EF84D00F2BE02 /* HomeViewModel.swift in Sources */,
				044F6546283EF84D00F2BE02 /* OnboardingViewModel.swift in Sources */,
				044F657D283EF8A700F2BE02 /* CategoryCollectionViewCell.swift in Sources */,
				044F658C283EF8BD00F2BE02 /* Dish.swift in Sources */,
				0455A3B9283FBFED00FB0EF7 /* DishDetailViewModel.swift in Sources */,
				044F654D283EF85C00F2BE02 /* OnboardingCoordinator.swift in Sources */,
				044F6525283EF65700F2BE02 /* AppDelegate.swift in Sources */,
				B4D84D9F29F74A3700702451 /* Assets.generated.swift in Sources */,
				04D4681A2844561A006D6897 /* TableView+Extension.swift in Sources */,
				0406CAB82840179B00AF6357 /* OnboardingViewController.swift in Sources */,
				044F6582283EF8A700F2BE02 /* CardView.swift in Sources */,
				044F657B283EF8A700F2BE02 /* DishPortraitCollectionViewCell.swift in Sources */,
				0406CAA4283FE7DB00AF6357 /* BaseResponse.swift in Sources */,
				0455A3C4283FDD2C00FB0EF7 /* ListOrdersViewModel.swift in Sources */,
				044F6550283EF85C00F2BE02 /* BaseCoordinator.swift in Sources */,
				044F657F283EF8A700F2BE02 /* DishLandscapeCollectionViewCell.swift in Sources */,
				0406CAA7283FE7DB00AF6357 /* URLs.swift in Sources */,
				0406CAA3283FE7DB00AF6357 /* TargetType.swift in Sources */,
				044F653D283EF7FB00F2BE02 /* UIView+Extension.swift in Sources */,
				044F658D283EF8BD00F2BE02 /* DishCategory.swift in Sources */,
				049D073A284267E9000FC8A7 /* BaseViewModel.swift in Sources */,
				04D468162844561A006D6897 /* Reachability.swift in Sources */,
				04D4681C2847A564006D6897 /* CollectionView+Extension.swift in Sources */,
				0406CAA5283FE7DB00AF6357 /* BaseAPI.swift in Sources */,
				044F653E283EF7FB00F2BE02 /* UserDefaults+Extension.swift in Sources */,
				0455A3B7283FBFB900FB0EF7 /* ListDishesViewModel.swift in Sources */,
				044F6527283EF65700F2BE02 /* SceneDelegate.swift in Sources */,
				044F654F283EF85C00F2BE02 /* HomeCoordinator.swift in Sources */,
				044F658E283EF8BD00F2BE02 /* OnboaringSlide.swift in Sources */,
			);
			runOnlyForDeploymentPostprocessing = 0;
		};
/* End PBXSourcesBuildPhase section */

/* Begin PBXTargetDependency section */
		0431EBE02841580100C2B761 /* PBXTargetDependency */ = {
			isa = PBXTargetDependency;
			target = 044F6520283EF65700F2BE02 /* Yummie */;
			targetProxy = 0431EBDF2841580100C2B761 /* PBXContainerItemProxy */;
		};
/* End PBXTargetDependency section */

/* Begin XCBuildConfiguration section */
		0431EBE12841580100C2B761 /* Debug */ = {
			isa = XCBuildConfiguration;
			buildSettings = {
				BUNDLE_LOADER = "$(TEST_HOST)";
				"CODE_SIGN_IDENTITY[sdk=macosx*]" = "Apple Development";
				CODE_SIGN_STYLE = Automatic;
				CURRENT_PROJECT_VERSION = 1;
				DEVELOPMENT_TEAM = HXWGTL339P;
				GENERATE_INFOPLIST_FILE = YES;
				MARKETING_VERSION = 1.0;
				PRODUCT_BUNDLE_IDENTIFIER = com.AbdulrahmanAlaa.YummieTests;
				PRODUCT_NAME = "$(TARGET_NAME)";
				SWIFT_EMIT_LOC_STRINGS = NO;
				SWIFT_VERSION = 5.0;
				TARGETED_DEVICE_FAMILY = "1,2";
				TEST_HOST = "$(BUILT_PRODUCTS_DIR)/Yummie.app/Yummie";
			};
			name = Debug;
		};
		0431EBE22841580100C2B761 /* Release */ = {
			isa = XCBuildConfiguration;
			buildSettings = {
				BUNDLE_LOADER = "$(TEST_HOST)";
				"CODE_SIGN_IDENTITY[sdk=macosx*]" = "Apple Development";
				CODE_SIGN_STYLE = Automatic;
				CURRENT_PROJECT_VERSION = 1;
				DEVELOPMENT_TEAM = HXWGTL339P;
				GENERATE_INFOPLIST_FILE = YES;
				MARKETING_VERSION = 1.0;
				PRODUCT_BUNDLE_IDENTIFIER = com.AbdulrahmanAlaa.YummieTests;
				PRODUCT_NAME = "$(TARGET_NAME)";
				SWIFT_EMIT_LOC_STRINGS = NO;
				SWIFT_VERSION = 5.0;
				TARGETED_DEVICE_FAMILY = "1,2";
				TEST_HOST = "$(BUILT_PRODUCTS_DIR)/Yummie.app/Yummie";
			};
			name = Release;
		};
		044F6533283EF65C00F2BE02 /* Debug */ = {
			isa = XCBuildConfiguration;
			buildSettings = {
				ALWAYS_SEARCH_USER_PATHS = NO;
				CLANG_ANALYZER_NONNULL = YES;
				CLANG_ANALYZER_NUMBER_OBJECT_CONVERSION = YES_AGGRESSIVE;
				CLANG_CXX_LANGUAGE_STANDARD = "gnu++17";
				CLANG_CXX_LIBRARY = "libc++";
				CLANG_ENABLE_MODULES = YES;
				CLANG_ENABLE_OBJC_ARC = YES;
				CLANG_ENABLE_OBJC_WEAK = YES;
				CLANG_WARN_BLOCK_CAPTURE_AUTORELEASING = YES;
				CLANG_WARN_BOOL_CONVERSION = YES;
				CLANG_WARN_COMMA = YES;
				CLANG_WARN_CONSTANT_CONVERSION = YES;
				CLANG_WARN_DEPRECATED_OBJC_IMPLEMENTATIONS = YES;
				CLANG_WARN_DIRECT_OBJC_ISA_USAGE = YES_ERROR;
				CLANG_WARN_DOCUMENTATION_COMMENTS = YES;
				CLANG_WARN_EMPTY_BODY = YES;
				CLANG_WARN_ENUM_CONVERSION = YES;
				CLANG_WARN_INFINITE_RECURSION = YES;
				CLANG_WARN_INT_CONVERSION = YES;
				CLANG_WARN_NON_LITERAL_NULL_CONVERSION = YES;
				CLANG_WARN_OBJC_IMPLICIT_RETAIN_SELF = YES;
				CLANG_WARN_OBJC_LITERAL_CONVERSION = YES;
				CLANG_WARN_OBJC_ROOT_CLASS = YES_ERROR;
				CLANG_WARN_QUOTED_INCLUDE_IN_FRAMEWORK_HEADER = YES;
				CLANG_WARN_RANGE_LOOP_ANALYSIS = YES;
				CLANG_WARN_STRICT_PROTOTYPES = YES;
				CLANG_WARN_SUSPICIOUS_MOVE = YES;
				CLANG_WARN_UNGUARDED_AVAILABILITY = YES_AGGRESSIVE;
				CLANG_WARN_UNREACHABLE_CODE = YES;
				CLANG_WARN__DUPLICATE_METHOD_MATCH = YES;
				COPY_PHASE_STRIP = NO;
				DEBUG_INFORMATION_FORMAT = dwarf;
				ENABLE_STRICT_OBJC_MSGSEND = YES;
				ENABLE_TESTABILITY = YES;
				GCC_C_LANGUAGE_STANDARD = gnu11;
				GCC_DYNAMIC_NO_PIC = NO;
				GCC_NO_COMMON_BLOCKS = YES;
				GCC_OPTIMIZATION_LEVEL = 0;
				GCC_PREPROCESSOR_DEFINITIONS = (
					"DEBUG=1",
					"$(inherited)",
				);
				GCC_WARN_64_TO_32_BIT_CONVERSION = YES;
				GCC_WARN_ABOUT_RETURN_TYPE = YES_ERROR;
				GCC_WARN_UNDECLARED_SELECTOR = YES;
				GCC_WARN_UNINITIALIZED_AUTOS = YES_AGGRESSIVE;
				GCC_WARN_UNUSED_FUNCTION = YES;
				GCC_WARN_UNUSED_VARIABLE = YES;
				IPHONEOS_DEPLOYMENT_TARGET = 15.2;
				MTL_ENABLE_DEBUG_INFO = INCLUDE_SOURCE;
				MTL_FAST_MATH = YES;
				ONLY_ACTIVE_ARCH = YES;
				SDKROOT = iphoneos;
				SWIFT_ACTIVE_COMPILATION_CONDITIONS = DEBUG;
				SWIFT_OPTIMIZATION_LEVEL = "-Onone";
			};
			name = Debug;
		};
		044F6534283EF65C00F2BE02 /* Release */ = {
			isa = XCBuildConfiguration;
			buildSettings = {
				ALWAYS_SEARCH_USER_PATHS = NO;
				CLANG_ANALYZER_NONNULL = YES;
				CLANG_ANALYZER_NUMBER_OBJECT_CONVERSION = YES_AGGRESSIVE;
				CLANG_CXX_LANGUAGE_STANDARD = "gnu++17";
				CLANG_CXX_LIBRARY = "libc++";
				CLANG_ENABLE_MODULES = YES;
				CLANG_ENABLE_OBJC_ARC = YES;
				CLANG_ENABLE_OBJC_WEAK = YES;
				CLANG_WARN_BLOCK_CAPTURE_AUTORELEASING = YES;
				CLANG_WARN_BOOL_CONVERSION = YES;
				CLANG_WARN_COMMA = YES;
				CLANG_WARN_CONSTANT_CONVERSION = YES;
				CLANG_WARN_DEPRECATED_OBJC_IMPLEMENTATIONS = YES;
				CLANG_WARN_DIRECT_OBJC_ISA_USAGE = YES_ERROR;
				CLANG_WARN_DOCUMENTATION_COMMENTS = YES;
				CLANG_WARN_EMPTY_BODY = YES;
				CLANG_WARN_ENUM_CONVERSION = YES;
				CLANG_WARN_INFINITE_RECURSION = YES;
				CLANG_WARN_INT_CONVERSION = YES;
				CLANG_WARN_NON_LITERAL_NULL_CONVERSION = YES;
				CLANG_WARN_OBJC_IMPLICIT_RETAIN_SELF = YES;
				CLANG_WARN_OBJC_LITERAL_CONVERSION = YES;
				CLANG_WARN_OBJC_ROOT_CLASS = YES_ERROR;
				CLANG_WARN_QUOTED_INCLUDE_IN_FRAMEWORK_HEADER = YES;
				CLANG_WARN_RANGE_LOOP_ANALYSIS = YES;
				CLANG_WARN_STRICT_PROTOTYPES = YES;
				CLANG_WARN_SUSPICIOUS_MOVE = YES;
				CLANG_WARN_UNGUARDED_AVAILABILITY = YES_AGGRESSIVE;
				CLANG_WARN_UNREACHABLE_CODE = YES;
				CLANG_WARN__DUPLICATE_METHOD_MATCH = YES;
				COPY_PHASE_STRIP = NO;
				DEBUG_INFORMATION_FORMAT = "dwarf-with-dsym";
				ENABLE_NS_ASSERTIONS = NO;
				ENABLE_STRICT_OBJC_MSGSEND = YES;
				GCC_C_LANGUAGE_STANDARD = gnu11;
				GCC_NO_COMMON_BLOCKS = YES;
				GCC_WARN_64_TO_32_BIT_CONVERSION = YES;
				GCC_WARN_ABOUT_RETURN_TYPE = YES_ERROR;
				GCC_WARN_UNDECLARED_SELECTOR = YES;
				GCC_WARN_UNINITIALIZED_AUTOS = YES_AGGRESSIVE;
				GCC_WARN_UNUSED_FUNCTION = YES;
				GCC_WARN_UNUSED_VARIABLE = YES;
				IPHONEOS_DEPLOYMENT_TARGET = 15.2;
				MTL_ENABLE_DEBUG_INFO = NO;
				MTL_FAST_MATH = YES;
				SDKROOT = iphoneos;
				SWIFT_COMPILATION_MODE = wholemodule;
				SWIFT_OPTIMIZATION_LEVEL = "-O";
				VALIDATE_PRODUCT = YES;
			};
			name = Release;
		};
		044F6536283EF65C00F2BE02 /* Debug */ = {
			isa = XCBuildConfiguration;
			buildSettings = {
				ASSETCATALOG_COMPILER_APPICON_NAME = AppIcon;
				ASSETCATALOG_COMPILER_GLOBAL_ACCENT_COLOR_NAME = AccentColor;
				CODE_SIGN_STYLE = Automatic;
				CURRENT_PROJECT_VERSION = 1;
				DEVELOPMENT_TEAM = HXWGTL339P;
				GENERATE_INFOPLIST_FILE = YES;
				INFOPLIST_FILE = Yummie/Configuration/Info.plist;
				INFOPLIST_KEY_UIApplicationSupportsIndirectInputEvents = YES;
				INFOPLIST_KEY_UILaunchStoryboardName = LaunchScreen;
				INFOPLIST_KEY_UISupportedInterfaceOrientations = UIInterfaceOrientationPortrait;
				INFOPLIST_KEY_UISupportedInterfaceOrientations_iPad = "UIInterfaceOrientationLandscapeLeft UIInterfaceOrientationLandscapeRight";
				IPHONEOS_DEPLOYMENT_TARGET = 13.0;
				LD_RUNPATH_SEARCH_PATHS = (
					"$(inherited)",
					"@executable_path/Frameworks",
				);
				MARKETING_VERSION = 1.0;
				PRODUCT_BUNDLE_IDENTIFIER = com.AbdulrahmanAlaa.Yummie;
				PRODUCT_NAME = "$(TARGET_NAME)";
				SUPPORTED_PLATFORMS = "iphoneos iphonesimulator";
				SUPPORTS_MACCATALYST = NO;
				SUPPORTS_MAC_DESIGNED_FOR_IPHONE_IPAD = NO;
				SWIFT_EMIT_LOC_STRINGS = YES;
				SWIFT_VERSION = 5.0;
				TARGETED_DEVICE_FAMILY = 1;
			};
			name = Debug;
		};
		044F6537283EF65C00F2BE02 /* Release */ = {
			isa = XCBuildConfiguration;
			buildSettings = {
				ASSETCATALOG_COMPILER_APPICON_NAME = AppIcon;
				ASSETCATALOG_COMPILER_GLOBAL_ACCENT_COLOR_NAME = AccentColor;
				CODE_SIGN_STYLE = Automatic;
				CURRENT_PROJECT_VERSION = 1;
				DEVELOPMENT_TEAM = HXWGTL339P;
				GENERATE_INFOPLIST_FILE = YES;
				INFOPLIST_FILE = Yummie/Configuration/Info.plist;
				INFOPLIST_KEY_UIApplicationSupportsIndirectInputEvents = YES;
				INFOPLIST_KEY_UILaunchStoryboardName = LaunchScreen;
				INFOPLIST_KEY_UISupportedInterfaceOrientations = UIInterfaceOrientationPortrait;
				INFOPLIST_KEY_UISupportedInterfaceOrientations_iPad = "UIInterfaceOrientationLandscapeLeft UIInterfaceOrientationLandscapeRight";
				IPHONEOS_DEPLOYMENT_TARGET = 13.0;
				LD_RUNPATH_SEARCH_PATHS = (
					"$(inherited)",
					"@executable_path/Frameworks",
				);
				MARKETING_VERSION = 1.0;
				PRODUCT_BUNDLE_IDENTIFIER = com.AbdulrahmanAlaa.Yummie;
				PRODUCT_NAME = "$(TARGET_NAME)";
				SUPPORTED_PLATFORMS = "iphoneos iphonesimulator";
				SUPPORTS_MACCATALYST = NO;
				SUPPORTS_MAC_DESIGNED_FOR_IPHONE_IPAD = NO;
				SWIFT_EMIT_LOC_STRINGS = YES;
				SWIFT_VERSION = 5.0;
				TARGETED_DEVICE_FAMILY = 1;
			};
			name = Release;
		};
/* End XCBuildConfiguration section */

/* Begin XCConfigurationList section */
		0431EBE32841580100C2B761 /* Build configuration list for PBXNativeTarget "YummieTests" */ = {
			isa = XCConfigurationList;
			buildConfigurations = (
				0431EBE12841580100C2B761 /* Debug */,
				0431EBE22841580100C2B761 /* Release */,
			);
			defaultConfigurationIsVisible = 0;
			defaultConfigurationName = Release;
		};
		044F651C283EF65700F2BE02 /* Build configuration list for PBXProject "Yummie" */ = {
			isa = XCConfigurationList;
			buildConfigurations = (
				044F6533283EF65C00F2BE02 /* Debug */,
				044F6534283EF65C00F2BE02 /* Release */,
			);
			defaultConfigurationIsVisible = 0;
			defaultConfigurationName = Release;
		};
		044F6535283EF65C00F2BE02 /* Build configuration list for PBXNativeTarget "Yummie" */ = {
			isa = XCConfigurationList;
			buildConfigurations = (
				044F6536283EF65C00F2BE02 /* Debug */,
				044F6537283EF65C00F2BE02 /* Release */,
			);
			defaultConfigurationIsVisible = 0;
			defaultConfigurationName = Release;
		};
/* End XCConfigurationList section */

/* Begin XCRemoteSwiftPackageReference section */
		B4D84DA429F752C400702451 /* XCRemoteSwiftPackageReference "Alamofire.git" */ = {
			isa = XCRemoteSwiftPackageReference;
			repositoryURL = "https://github.com/Alamofire/Alamofire.git";
			requirement = {
				kind = upToNextMajorVersion;
				minimumVersion = 5.0.0;
			};
		};
		B4D84DA729F7532600702451 /* XCRemoteSwiftPackageReference "IQKeyboardManager.git" */ = {
			isa = XCRemoteSwiftPackageReference;
			repositoryURL = "https://github.com/hackiftekhar/IQKeyboardManager.git";
			requirement = {
				branch = master;
				kind = branch;
			};
		};
		B4D84DAA29F7535300702451 /* XCRemoteSwiftPackageReference "RxSwift.git" */ = {
			isa = XCRemoteSwiftPackageReference;
			repositoryURL = "https://github.com/ReactiveX/RxSwift.git";
			requirement = {
				kind = upToNextMajorVersion;
				minimumVersion = 6.0.0;
			};
		};
		B4D84DB129F753B200702451 /* XCRemoteSwiftPackageReference "Kingfisher.git" */ = {
			isa = XCRemoteSwiftPackageReference;
			repositoryURL = "https://github.com/onevcat/Kingfisher.git";
			requirement = {
				kind = upToNextMajorVersion;
				minimumVersion = 7.0.0;
			};
		};
/* End XCRemoteSwiftPackageReference section */

/* Begin XCSwiftPackageProductDependency section */
		B4D84DA529F752C400702451 /* Alamofire */ = {
			isa = XCSwiftPackageProductDependency;
			package = B4D84DA429F752C400702451 /* XCRemoteSwiftPackageReference "Alamofire.git" */;
			productName = Alamofire;
		};
		B4D84DA829F7532600702451 /* IQKeyboardManagerSwift */ = {
			isa = XCSwiftPackageProductDependency;
			package = B4D84DA729F7532600702451 /* XCRemoteSwiftPackageReference "IQKeyboardManager.git" */;
			productName = IQKeyboardManagerSwift;
		};
		B4D84DAB29F7535300702451 /* RxCocoa */ = {
			isa = XCSwiftPackageProductDependency;
			package = B4D84DAA29F7535300702451 /* XCRemoteSwiftPackageReference "RxSwift.git" */;
			productName = RxCocoa;
		};
		B4D84DAD29F7535300702451 /* RxRelay */ = {
			isa = XCSwiftPackageProductDependency;
			package = B4D84DAA29F7535300702451 /* XCRemoteSwiftPackageReference "RxSwift.git" */;
			productName = RxRelay;
		};
		B4D84DAF29F7535300702451 /* RxSwift */ = {
			isa = XCSwiftPackageProductDependency;
			package = B4D84DAA29F7535300702451 /* XCRemoteSwiftPackageReference "RxSwift.git" */;
			productName = RxSwift;
		};
		B4D84DB229F753B200702451 /* Kingfisher */ = {
			isa = XCSwiftPackageProductDependency;
			package = B4D84DB129F753B200702451 /* XCRemoteSwiftPackageReference "Kingfisher.git" */;
			productName = Kingfisher;
		};
/* End XCSwiftPackageProductDependency section */
	};
	rootObject = 044F6519283EF65700F2BE02 /* Project object */;
}
